github.com/cucumber/gherkin/go/v26 v26.2.0 h1:EgIjePLWiPeslwIWmNQ3XHcypPsWAHoMCz/YEBKP4GI=
github.com/cucumber/gherkin/go/v26 v26.2.0/go.mod h1:t2GAPnB8maCT4lkHL99BDCVNzCh1d7dBhCLt150Nr/0=
github.com/cucumber/godog v0.15.1 h1:rb/6oHDdvVZKS66hrhpjFQFHjthFSrQBCOI1LwshNTI=
github.com/cucumber/godog v0.15.1/go.mod h1:qju+SQDewOljHuq9NSM66s0xEhogx0q30flfxL4WUk8=
github.com/cucumber/messages/go/v21 v21.0.1 h1:wzA0LxwjlWQYZd32VTlAVDTkW6inOFmSM+RuOwHZiMI=
github.com/cucumber/messages/go/v21 v21.0.1/go.mod h1:zheH/2HS9JLVFukdrsPWoPdmUtmYQAQPLk7w5vWsk5s=
github.com/cwbudde/algo-approx v0.1.0 h1:0i+ogADelGMNKx82mOes80ikmdA8SNdSM5UDJ27G/TY=
github.com/cwbudde/algo-approx v0.1.0/go.mod h1:Bz0OrNQt5WJFTjbrOrNjg1JOZCPDZsjfSYfkSmBeNUc=
github.com/cwbudde/algo-dsp v0.4.0 h1:0qXkIpI0VYTwTfxM6xSDVvovtRmHp9Q4DIKjElvSIKo=
github.com/cwbudde/algo-dsp v0.4.0/go.mod h1:cDRwoYw/6i3QKFLXDUuZa2AqeMnzb0u7Yn+nZV6Tl4U=
github.com/cwbudde/algo-fft v0.6.10 h1:xEtl2oHC3SQjGwzu/bdecLEw50hJYF9brhcFuUHQ2I8=
github.com/cwbudde/algo-fft v0.6.10/go.mod h1:H5rJ7JNXvhe3kT4yc41TJB9DEnO7KlhHN7toLO+ZZXU=
github.com/cwbudde/algo-pde v0.1.0 h1:KCIetossSacVKKrqorVHUIEkhda1gCBnKzWdHR0uRkQ=
github.com/cwbudde/algo-pde v0.1.0/go.mod h1:0TSkgnjlB7gQuq7D5TiPJ1qdQ1jvvSPdVNntWZxsTMo=
github.com/cwbudde/algo-vecmath v0.1.0 h1:RjZLXt3BAu1f3UmdWWXbgw3Xscyh+bsg31PkS5K4y4c=
github.com/cwbudde/algo-vecmath v0.1.0/go.mod h1:lc9dLv41D4RCmhXG/CsIesfJXmONI7pQXcFrkxQSfeQ=
github.com/cwbudde/mayfly v0.1.0 h1:u2LTL4SCZRc4mTxtbdF2pUFTuIUDgbIZAnfr6EGacok=
github.com/cwbudde/mayfly v0.1.0/go.mod h1:Kvhc6sAww1oFoR37ON2/iqIvOu/E8qHKAyQsM7tRs6U=
github.com/cwbudde/wav v0.0.0-20260207095734-97d781a5fb8a h1:e6kN+v8Z9TgJz6GClDFcOd7nfI4ZgF8+IvoAb3/XIBs=
github.com/cwbudde/wav v0.0.0-20260207095734-97d781a5fb8a/go.mod h1:sc3u5nhwaPxuQ8NUWj1bAcZ7jhlTGk4fk5vARqgHrMs=
github.com/go-audio/audio v1.0.0 h1:zS9vebldgbQqktK4H0lUqWrG8P0NxCJVqcj7ZpNnwd4=
github.com/go-audio/audio v1.0.0/go.mod h1:6uAu0+H2lHkwdGsAY+j2wHPNPpPoeg5AaEFh9FlA+Zs=
github.com/go-audio/riff v1.0.0 h1:d8iCGbDvox9BfLagY94fBynxSPHO80LmZCaOsmKxokA=
github.com/go-audio/riff v1.0.0/go.mod h1:l3cQwc85y79NQFCRB7TiPoNiaijp6q8Z0Uv38rVG498=
github.com/gofrs/uuid v4.3.1+incompatible h1:0/KbAdpx3UXAx1kEOWHJeOkpbgRFGHVgv+CFIY7dBJI=
github.com/gofrs/uuid v4.3.1+incompatible/go.mod h1:b2aQJv3Z4Fp6yNu3cdSllBxTCLRxnplIgP/c0N/04lM=
github.com/hashicorp/go-immutable-radix v1.3.1 h1:DKHmCUm2hRBK510BaiZlwvpD40f8bJFeZnpfm2KLowc=
github.com/hashicorp/go-immutable-radix v1.3.1/go.mod h1:0y9vanUI8NX6FsYoO3zeMjhV/C5i9g4Q3DwcSNZ4P60=
github.com/hashicorp/go-memdb v1.3.4 h1:XSL3NR682X/cVk2IeV0d70N4DZ9ljI885xAEU8IoK3c=
github.com/hashicorp/go-memdb v1.3.4/go.mod h1:uBTr1oQbtuMgd1SSGoR8YV27eT3sBHbYiNm53bMpgSg=
github.com/hashicorp/golang-lru v0.5.4 h1:YDjusn29QI/Das2iO9M0BHnIbxPeyuCHsjMW+lJfyTc=
github.com/hashicorp/golang-lru v0.5.4/go.mod h1:iADmTwqILo4mZ8BN3D2Q6+9jd8WM5uGBxy+E8yxSoD4=
github.com/spf13/pflag v1.0.7 h1:vN6T9TfwStFPFM5XzjsvmzZkLuaLX+HS+0SeFLRgU6M=
github.com/spf13/pflag v1.0.7/go.mod h1:McXfInJRrz4CZXVZOBLb0bTZqETkiAhM9Iw0y3An2Bg=
golang.org/x/sys v0.40.0 h1:DBZZqJ2Rkml6QMQsZywtnjnnGvHza6BTfYFWY9kjEWQ=
golang.org/x/sys v0.40.0/go.mod h1:OgkHotnGiDImocRcuBABYBEXf8A9a87e/uXjp9XT3ks=
